version = 1
revision = 3
requires-python = ">=3.11"

[manifest]
members = [
    "programming-course-2026",
    "week01-0306-demo",
]

[[package]]
name = "programming-course-2026"
version = "0.1.0"
source = { virtual = "." }

[[package]]
name = "week01-0306-demo"
version = "0.1.0"
source = { virtual = "Week01_0306_demo" }
